{
	"name": "wrangler-action-pre-installed-wrangler-test",
	"lockfileVersion": 2,
	"requires": true,
	"packages": {
		"": {
			"name": "wrangler-action-pre-installed-wrangler-test",
			"license": "MIT",
			"devDependencies": {
				"wrangler": "file:mock_packages/wrangler"
			}
		},
		"mock_packages/wrangler": {
			"version": "1.1.1",
			"dev": true,
			"bin": {
				"wrangler": "index.js"
			}
		},
		"node_modules/wrangler": {
			"resolved": "mock_packages/wrangler",
			"link": true
		}
	},
	"dependencies": {
		"wrangler": {
			"version": "file:mock_packages/wrangler"
		}
	}
}
